{
  "lockfileVersion": 1,
  "configVersion": 1,
  "workspaces": {
    "": {
      "name": "playground",
      "dependencies": {
        "@types/command-line-args": "^5.2.3",
        "command-line-args": "^6.0.2",
      },
      "devDependencies": {
        "@types/bun": "latest",
        "@types/jest": "^30.0.0",
      },
      "peerDependencies": {
        "typescript": "^5",
      },
    },
  },
  "packages": {
    "@babel/code-frame": ["@babel/code-frame@7.29.7", "", { "dependencies": { "@babel/helper-validator-identifier": "^7.29.7", "js-tokens": "^4.0.0", "picocolors": "^1.1.1" } }, "sha512-Aup7aUOfpbAUg2ROOJN6Iw5f9DMBlzu0mIkm/malLQFN/YQgO48wCj0Kxa3sEHJvPVFg7siR+qRInwXd2qhQKw=="],

    "@babel/helper-validator-identifier": ["@babel/helper-validator-identifier@7.29.7", "", {}, "sha512-qehxGkRj55h/ff8EMaJ+cYhyaKlHIxqYDn682wQD7RNp9UujOQsHog2uS0r2vzr4pW+sXf90NeeayjcNaX3fFg=="],

    "@jest/diff-sequences": ["@jest/diff-sequences@30.4.0", "", {}, "sha512-zOpzlfUs45l6u7jm39qr87JCHUDsaeCtvL+kQe/Vn9jSnRB4/5IPXISm0h9I1vZW/o00Kn4UTJ2MOlhnUGwv3g=="],

    "@jest/expect-utils": ["@jest/expect-utils@30.4.1", "", { "dependencies": { "@jest/get-type": "30.1.0" } }, "sha512-ZBn5CglH8fBsQsvs4VWNzD4aWfUYks+IdOOQU3MEK71ol/BcVm+P+rtb1KpiFBpSWSCE27uOahyyf1vfqOVbcQ=="],

    "@jest/get-type": ["@jest/get-type@30.1.0", "", {}, "sha512-eMbZE2hUnx1WV0pmURZY9XoXPkUYjpc55mb0CrhtdWLtzMQPFvu/rZkTLZFTsdaVQa+Tr4eWAteqcUzoawq/uA=="],

    "@jest/pattern": ["@jest/pattern@30.4.0", "", { "dependencies": { "@types/node": "*", "jest-regex-util": "30.4.0" } }, "sha512-RAWn3+f9u8BsHijKJ71uHcFp6vmyEt6VvoWXkl6hKF3qVIuWNmudVjg12DlBPGup/frIl5UcUlH5HfEuvHpEXg=="],

    "@jest/schemas": ["@jest/schemas@30.4.1", "", { "dependencies": { "@sinclair/typebox": "^0.34.0" } }, "sha512-i6b4qw5qnP8c5FEeBJg/uZQ4ddrkN6Ca8qISJh0pr7a5hfn3h3v5x60BEbOC7OYAGZNMs1LfFLwnW2CuK8F57Q=="],

    "@jest/types": ["@jest/types@30.4.1", "", { "dependencies": { "@jest/pattern": "30.4.0", "@jest/schemas": "30.4.1", "@types/istanbul-lib-coverage": "^2.0.6", "@types/istanbul-reports": "^3.0.4", "@types/node": "*", "@types/yargs": "^17.0.33", "chalk": "^4.1.2" } }, "sha512-f1x/vJXIfjOlEmejYpbkbgw1gOqpPECwMvMEtBqe47j7H2Hg8h8w3o3ikhSXq3MI15kg+oQ0exWO0uCtTNJLoQ=="],

    "@sinclair/typebox": ["@sinclair/typebox@0.34.49", "", {}, "sha512-brySQQs7Jtn0joV8Xh9ZV/hZb9Ozb0pmazDIASBkYKCjXrXU3mpcFahmK/z4YDhGkQvP9mWJbVyahdtU5wQA+A=="],

    "@types/bun": ["@types/bun@1.3.14", "", { "dependencies": { "bun-types": "1.3.14" } }, "sha512-h1hFqFVcvAvD9j9K7ZW7vd82aSA+rTdznZa+5bwvCwqSB1jmmfLcbIWhOLx1/+boy/xmjgCs/OMUL8hRJSmnPw=="],

    "@types/command-line-args": ["@types/command-line-args@5.2.3", "", {}, "sha512-uv0aG6R0Y8WHZLTamZwtfsDLVRnOa+n+n5rEvFWL5Na5gZ8V2Teab/duDPFzIIIhs9qizDpcavCusCLJZu62Kw=="],

    "@types/istanbul-lib-coverage": ["@types/istanbul-lib-coverage@2.0.6", "", {}, "sha512-2QF/t/auWm0lsy8XtKVPG19v3sSOQlJe/YHZgfjb/KBBHOGSV+J2q/S671rcq9uTBrLAXmZpqJiaQbMT+zNU1w=="],

    "@types/istanbul-lib-report": ["@types/istanbul-lib-report@3.0.3", "", { "dependencies": { "@types/istanbul-lib-coverage": "*" } }, "sha512-NQn7AHQnk/RSLOxrBbGyJM/aVQ+pjj5HCgasFxc0K/KhoATfQ/47AyUl15I2yBUpihjmas+a+VJBOqecrFH+uA=="],

    "@types/istanbul-reports": ["@types/istanbul-reports@3.0.4", "", { "dependencies": { "@types/istanbul-lib-report": "*" } }, "sha512-pk2B1NWalF9toCRu6gjBzR69syFjP4Od8WRAX+0mmf9lAjCRicLOWc+ZrxZHx/0XRjotgkF9t6iaMJ+aXcOdZQ=="],

    "@types/jest": ["@types/jest@30.0.0", "", { "dependencies": { "expect": "^30.0.0", "pretty-format": "^30.0.0" } }, "sha512-XTYugzhuwqWjws0CVz8QpM36+T+Dz5mTEBKhNs/esGLnCIlGdRy+Dq78NRjd7ls7r8BC8ZRMOrKlkO1hU0JOwA=="],

    "@types/node": ["@types/node@26.0.1", "", { "dependencies": { "undici-types": "~8.3.0" } }, "sha512-fc3KiUoBt6kie0N9bIW3E47vZsuaMf0PM2AaUpLCLT0s/LvX1nxAim6Fc049cNxODPpGm6qRAuUOB86SkRuPQw=="],

    "@types/stack-utils": ["@types/stack-utils@2.0.3", "", {}, "sha512-9aEbYZ3TbYMznPdcdr3SmIrLXwC/AKZXQeCf9Pgao5CKb8CyHuEX5jzWPTkvregvhRJHcpRO6BFoGW9ycaOkYw=="],

    "@types/yargs": ["@types/yargs@17.0.35", "", { "dependencies": { "@types/yargs-parser": "*" } }, "sha512-qUHkeCyQFxMXg79wQfTtfndEC+N9ZZg76HJftDJp+qH2tV7Gj4OJi7l+PiWwJ+pWtW8GwSmqsDj/oymhrTWXjg=="],

    "@types/yargs-parser": ["@types/yargs-parser@21.0.3", "", {}, "sha512-I4q9QU9MQv4oEOz4tAHJtNz1cwuLxn2F3xcc2iV5WdqLPpUnj30aUuxt1mAxYTG+oe8CZMV/+6rU4S4gRDzqtQ=="],

    "ansi-styles": ["ansi-styles@5.2.0", "", {}, "sha512-Cxwpt2SfTzTtXcfOlzGEee8O+c+MmUgGrNiBcXnuWxuFJHe6a5Hz7qwhwe5OgaSYI0IJvkLqWX1ASG+cJOkEiA=="],

    "array-back": ["array-back@6.2.3", "", {}, "sha512-SGDvmg6QTYiTxCBkYVmThcoa67uLl35pyzRHdpCGBOcqFy6BtwnphoFPk7LhJshD+Yk1Kt35WGWeZPTgwR4Fhw=="],

    "bun-types": ["bun-types@1.3.14", "", { "dependencies": { "@types/node": "*" } }, "sha512-4N0ig0fEomHt5R0KCFWjovxow98rIoRwKolrYdCcknNwMekCXRnWEUvgu5soYV8QXtVsrUD8B95MBOZGPvr6KQ=="],

    "chalk": ["chalk@4.1.2", "", { "dependencies": { "ansi-styles": "^4.1.0", "supports-color": "^7.1.0" } }, "sha512-oKnbhFyRIXpUuez8iBMmyEa4nbj4IOQyuhc/wy9kY7/WVPcwIO9VA668Pu8RkO7+0G76SLROeyw9CpQ061i4mA=="],

    "ci-info": ["ci-info@4.4.0", "", {}, "sha512-77PSwercCZU2Fc4sX94eF8k8Pxte6JAwL4/ICZLFjJLqegs7kCuAsqqj/70NQF6TvDpgFjkubQB2FW2ZZddvQg=="],

    "color-convert": ["color-convert@2.0.1", "", { "dependencies": { "color-name": "~1.1.4" } }, "sha512-RRECPsj7iu/xb5oKYcsFHSppFNnsj/52OVTRKb4zP5onXwVF3zVmmToNcOfGC+CRDpfK/U584fMg38ZHCaElKQ=="],

    "color-name": ["color-name@1.1.4", "", {}, "sha512-dOy+3AuW3a2wNbZHIuMZpTcgjGuLU/uBL/ubcZF9OXbDo8ff4O8yVp5Bf0efS8uEoYo5q4Fx7dY9OgQGXgAsQA=="],

    "command-line-args": ["command-line-args@6.0.2", "", { "dependencies": { "array-back": "^6.2.3", "find-replace": "^5.0.2", "lodash.camelcase": "^4.3.0", "typical": "^7.3.0" }, "peerDependencies": { "@75lb/nature": "latest" }, "optionalPeers": ["@75lb/nature"] }, "sha512-AIjYVxrV9X752LmPDLbVYv8aMCuHPSLZJXEo2qo/xJfv+NYhaZ4sMSF01rM+gHPaMgvPM0l5D/F+Qx+i2WfSmQ=="],

    "escape-string-regexp": ["escape-string-regexp@2.0.0", "", {}, "sha512-UpzcLCXolUWcNu5HtVMHYdXJjArjsF9C0aNnquZYY4uW/Vu0miy5YoWvbV345HauVvcAUnpRuhMMcqTcGOY2+w=="],

    "expect": ["expect@30.4.1", "", { "dependencies": { "@jest/expect-utils": "30.4.1", "@jest/get-type": "30.1.0", "jest-matcher-utils": "30.4.1", "jest-message-util": "30.4.1", "jest-mock": "30.4.1", "jest-util": "30.4.1" } }, "sha512-PMARsyh/JtqC20HoGqlFcIlQAyqUtW4PlI1rup1uhYJtKuwAjbvWi3GQMAn+STdHum/dk8xrKfUM1+5SAwpolA=="],

    "find-replace": ["find-replace@5.0.2", "", { "peerDependencies": { "@75lb/nature": "latest" }, "optionalPeers": ["@75lb/nature"] }, "sha512-Y45BAiE3mz2QsrN2fb5QEtO4qb44NcS7en/0y9PEVsg351HsLeVclP8QPMH79Le9sH3rs5RSwJu99W0WPZO43Q=="],

    "graceful-fs": ["graceful-fs@4.2.11", "", {}, "sha512-RbJ5/jmFcNNCcDV5o9eTnBLJ/HszWV0P73bc+Ff4nS/rJj+YaS6IGyiOL0VoBYX+l1Wrl3k63h/KrH+nhJ0XvQ=="],

    "has-flag": ["has-flag@4.0.0", "", {}, "sha512-EykJT/Q1KjTWctppgIAgfSO0tKVuZUjhgMr17kqTumMl6Afv3EISleU7qZUzoXDFTAHTDC4NOoG/ZxU3EvlMPQ=="],

    "jest-diff": ["jest-diff@30.4.1", "", { "dependencies": { "@jest/diff-sequences": "30.4.0", "@jest/get-type": "30.1.0", "chalk": "^4.1.2", "pretty-format": "30.4.1" } }, "sha512-CRpFK0RtLriVDGcPPAnR6HMVI8bSR2jnUIgralhauzYQZIb4RH9AtEInTuQr65LmmGggGcRT6HIASxwqsVsmlA=="],

    "jest-matcher-utils": ["jest-matcher-utils@30.4.1", "", { "dependencies": { "@jest/get-type": "30.1.0", "chalk": "^4.1.2", "jest-diff": "30.4.1", "pretty-format": "30.4.1" } }, "sha512-zvYfX5CaeEkFrrLS9suWe9rvJrm9J1Iv3ua8kIBv9GEPzcnsfBf0bob37la7s67fs0nlBC3EuvkOLnXQKxtx4A=="],

    "jest-message-util": ["jest-message-util@30.4.1", "", { "dependencies": { "@babel/code-frame": "^7.27.1", "@jest/types": "30.4.1", "@types/stack-utils": "^2.0.3", "chalk": "^4.1.2", "graceful-fs": "^4.2.11", "jest-util": "30.4.1", "picomatch": "^4.0.3", "pretty-format": "30.4.1", "slash": "^3.0.0", "stack-utils": "^2.0.6" } }, "sha512-kwCKIvq0MCW1HzLoGola9Te6JUdzgV0loyKJ3Qghrkz9i5/RRIHsL95BMQc2HBBhlBKC4j22K9p11TGHH8RBpQ=="],

    "jest-mock": ["jest-mock@30.4.1", "", { "dependencies": { "@jest/types": "30.4.1", "@types/node": "*", "jest-util": "30.4.1" } }, "sha512-/i8SVb8/NSB7RfNi8gfqu8gxLV23KaL5EpAttyb9iz8qWRIqXRLflycz/32wXsYkOnaUlx8NAKnJYtpsmXUmfw=="],

    "jest-regex-util": ["jest-regex-util@30.4.0", "", {}, "sha512-mWlvLviKIgIQ8VCuM1xRdD0TWp3zlzionlmDBjuXVBs+VkmXq6FgW9T4Emr7oGz/Rk6feDCGyiugolcQEyp3mg=="],

    "jest-util": ["jest-util@30.4.1", "", { "dependencies": { "@jest/types": "30.4.1", "@types/node": "*", "chalk": "^4.1.2", "ci-info": "^4.2.0", "graceful-fs": "^4.2.11", "picomatch": "^4.0.3" } }, "sha512-vjQb1sACEiv13DKJMDToJpzVW0joCsIQrmbg0fi7CyOOt+g9jTuQl2A216pWRBYhOVt53XbL/2LbMKg1BECWOw=="],

    "js-tokens": ["js-tokens@4.0.0", "", {}, "sha512-RdJUflcE3cUzKiMqQgsCu06FPu9UdIJO0beYbPhHN4k6apgJtifcoCtT9bcxOpYBtpD2kCM6Sbzg4CausW/PKQ=="],

    "lodash.camelcase": ["lodash.camelcase@4.3.0", "", {}, "sha512-TwuEnCnxbc3rAvhf/LbG7tJUDzhqXyFnv3dtzLOPgCG/hODL7WFnsbwktkD7yUV0RrreP/l1PALq/YSg6VvjlA=="],

    "picocolors": ["picocolors@1.1.1", "", {}, "sha512-xceH2snhtb5M9liqDsmEw56le376mTZkEX/jEb/RxNFyegNul7eNslCXP9FDj/Lcu0X8KEyMceP2ntpaHrDEVA=="],

    "picomatch": ["picomatch@4.0.4", "", {}, "sha512-QP88BAKvMam/3NxH6vj2o21R6MjxZUAd6nlwAS/pnGvN9IVLocLHxGYIzFhg6fUQ+5th6P4dv4eW9jX3DSIj7A=="],

    "pretty-format": ["pretty-format@30.4.1", "", { "dependencies": { "@jest/schemas": "30.4.1", "ansi-styles": "^5.2.0", "react-is-18": "npm:react-is@^18.3.1", "react-is-19": "npm:react-is@^19.2.5" } }, "sha512-K6KiKMHTL4jjX4u3Kir2EW07nRfcqVTXIImx50wbjHQTcZPgg+gjVeNTIT3l3L1Rd4UefxfogquC9J37SoFyyw=="],

    "react-is-18": ["react-is@18.3.1", "", {}, "sha512-/LLMVyas0ljjAtoYiPqYiL8VWXzUUdThrmU5+n20DZv+a+ClRoevUzw5JxU+Ieh5/c87ytoTBV9G1FiKfNJdmg=="],

    "react-is-19": ["react-is@19.2.7", "", {}, "sha512-kZFnouyVv7eP/Phmrlo9FK+zcAdriZJvzxXHF1Sl1P377WSGe2G/JxVolhTrB/jeV47lKImhNUsijjHAAbcl/A=="],

    "slash": ["slash@3.0.0", "", {}, "sha512-g9Q1haeby36OSStwb4ntCGGGaKsaVSjQ68fBxoQcutl5fS1vuY18H3wSt3jFyFtrkx+Kz0V1G85A4MyAdDMi2Q=="],

    "stack-utils": ["stack-utils@2.0.6", "", { "dependencies": { "escape-string-regexp": "^2.0.0" } }, "sha512-XlkWvfIm6RmsWtNJx+uqtKLS8eqFbxUg0ZzLXqY0caEy9l7hruX8IpiDnjsLavoBgqCCR71TqWO8MaXYheJ3RQ=="],

    "supports-color": ["supports-color@7.2.0", "", { "dependencies": { "has-flag": "^4.0.0" } }, "sha512-qpCAvRl9stuOHveKsn7HncJRvv501qIacKzQlO/+Lwxc9+0q2wLyv4Dfvt80/DPn2pqOBsJdDiogXGR9+OvwRw=="],

    "typescript": ["typescript@5.9.3", "", { "bin": { "tsc": "bin/tsc", "tsserver": "bin/tsserver" } }, "sha512-jl1vZzPDinLr9eUt3J/t7V6FgNEw9QjvBPdysz9KfQDD41fQrC2Y4vKQdiaUpFT4bXlb1RHhLpp8wtm6M5TgSw=="],

    "typical": ["typical@7.3.0", "", {}, "sha512-ya4mg/30vm+DOWfBg4YK3j2WD6TWtRkCbasOJr40CseYENzCUby/7rIvXA99JGsQHeNxLbnXdyLLxKSv3tauFw=="],

    "undici-types": ["undici-types@8.3.0", "", {}, "sha512-j375ScV60dom+YkPFIfTLcOiPxkN/buHz5GobjLhixFuANaNs3C9l4GmrWqejgXWJ7BbJcFYpTEUkS1Ge8bpZQ=="],

    "chalk/ansi-styles": ["ansi-styles@4.3.0", "", { "dependencies": { "color-convert": "^2.0.1" } }, "sha512-zbB9rCJAT1rbjiVDb2hqKFHNYLxgtk8NURxZ3IZwD3F6NtxbXZQCnnSi1Lkx+IDohdPlFp222wVALIheZJQSEg=="],
  }
}
